
Microsoft Visual Studio Solution File, Format Version 12.00
# Visual Studio Version 17
VisualStudioVersion = 17.12.35527.113
MinimumVisualStudioVersion = 10.0.40219.1
Project("{FAE04EC0-301F-11D3-BF4B-00C04F79EFBC}") = "Astronomic Catalogs", "Astronomic Catalogs.csproj", "{2A4FCAFD-B80F-4BE9-AD11-9E5D209C3098}"
EndProject
Project("{2150E333-8FDC-42A3-9474-1A3956D46DE8}") = "Libraries", "Libraries", "{A42C3ADB-7DCD-492F-83EC-D28EC6DB7D9E}"
EndProject
Global
	GlobalSection(SolutionConfigurationPlatforms) = preSolution
		Debug|Any CPU = Debug|Any CPU
		Release|Any CPU = Release|Any CPU
	EndGlobalSection
	GlobalSection(ProjectConfigurationPlatforms) = postSolution
		{2A4FCAFD-B80F-4BE9-AD11-9E5D209C3098}.Debug|Any CPU.ActiveCfg = Debug|Any CPU
		{2A4FCAFD-B80F-4BE9-AD11-9E5D209C3098}.Debug|Any CPU.Build.0 = Debug|Any CPU
		{2A4FCAFD-B80F-4BE9-AD11-9E5D209C3098}.Release|Any CPU.ActiveCfg = Release|Any CPU
		{2A4FCAFD-B80F-4BE9-AD11-9E5D209C3098}.Release|Any CPU.Build.0 = Release|Any CPU
	EndGlobalSection
	GlobalSection(SolutionProperties) = preSolution
		HideSolutionNode = FALSE
	EndGlobalSection
EndGlobal
